{
  "name": "inpm",
  "version": "1.2.1",
  "lockfileVersion": 1,
  "requires": true,
  "dependencies": {
    "wepy": {
      "version": "1.7.2",
      "resolved": "https://registry.npmjs.org/wepy/-/wepy-1.7.2.tgz",
      "integrity": "sha512-22Q338OY2wV1kuINAtQQmO6V9r00wNTgLPOOOASZe8tdq0lGxv9FnFWxA7SqJihQJEeWXERFd/gN7GKQQ1CU1w=="
    },
    "wepy-compiler-less": {
      "version": "1.3.14",
      "resolved": "https://registry.npmjs.org/wepy-compiler-less/-/wepy-compiler-less-1.3.14.tgz",
      "integrity": "sha512-70n7Rb0i987RBun9EC+aTBHsscwSb6Vb4r7l+dgOy2KGyyvPvmhh2vSQduxFnhJzHuYRYMV+hxH51Jss+jE+vg==",
      "dev": true
    }
  }
}
